
Microsoft Visual Studio Solution File, Format Version 12.00
# Visual Studio Version 17
VisualStudioVersion = 17.2.32505.173
MinimumVisualStudioVersion = 10.0.40219.1
Project("{FAE04EC0-301F-11D3-BF4B-00C04F79EFBC}") = "E-diary", "E-diary\E-diary.csproj", "{C37DE810-0D6F-4576-9960-0907E3A0609A}"
EndProject
Global
	GlobalSection(SolutionConfigurationPlatforms) = preSolution
		Debug|Any CPU = Debug|Any CPU
		Release|Any CPU = Release|Any CPU
	EndGlobalSection
	GlobalSection(ProjectConfigurationPlatforms) = postSolution
		{C37DE810-0D6F-4576-9960-0907E3A0609A}.Debug|Any CPU.ActiveCfg = Debug|Any CPU
		{C37DE810-0D6F-4576-9960-0907E3A0609A}.Debug|Any CPU.Build.0 = Debug|Any CPU
		{C37DE810-0D6F-4576-9960-0907E3A0609A}.Release|Any CPU.ActiveCfg = Release|Any CPU
		{C37DE810-0D6F-4576-9960-0907E3A0609A}.Release|Any CPU.Build.0 = Release|Any CPU
	EndGlobalSection
	GlobalSection(SolutionProperties) = preSolution
		HideSolutionNode = FALSE
	EndGlobalSection
	GlobalSection(ExtensibilityGlobals) = postSolution
		SolutionGuid = {CCEDD5C3-1396-45A6-938A-CDD56E7968DE}
	EndGlobalSection
EndGlobal
